// !$*UTF8*$!
{
	archiveVersion = 1;
	classes = {
	};
	objectVersion = 56;
	objects = {

/* Begin PBXBuildFile section */
		1107477F2BD0D08D000EF6D6 /* NewExpenseView.swift in Sources */ = {isa = PBXBuildFile; fileRef = 1107477E2BD0D08D000EF6D6 /* NewExpenseView.swift */; };
		1125A9482BC8D24D00D1D9BC /* Expense_TrackerApp.swift in Sources */ = {isa = PBXBuildFile; fileRef = 1125A9472BC8D24D00D1D9BC /* Expense_TrackerApp.swift */; };
		1125A94A2BC8D24D00D1D9BC /* ContentView.swift in Sources */ = {isa = PBXBuildFile; fileRef = 1125A9492BC8D24D00D1D9BC /* ContentView.swift */; };
		1125A94C2BC8D24E00D1D9BC /* Assets.xcassets in Resources */ = {isa = PBXBuildFile; fileRef = 1125A94B2BC8D24E00D1D9BC /* Assets.xcassets */; };
		1125A94F2BC8D24E00D1D9BC /* Preview Assets.xcassets in Resources */ = {isa = PBXBuildFile; fileRef = 1125A94E2BC8D24E00D1D9BC /* Preview Assets.xcassets */; };
		1125A9582BC8D29C00D1D9BC /* IntroScreen.swift in Sources */ = {isa = PBXBuildFile; fileRef = 1125A9572BC8D29C00D1D9BC /* IntroScreen.swift */; };
		1125A95B2BC8D48200D1D9BC /* Contants.swift in Sources */ = {isa = PBXBuildFile; fileRef = 1125A95A2BC8D48200D1D9BC /* Contants.swift */; };
		1125A95F2BC8D69200D1D9BC /* Localizable.strings in Resources */ = {isa = PBXBuildFile; fileRef = 1125A95D2BC8D69200D1D9BC /* Localizable.strings */; };
		1125A9622BC8DD8F00D1D9BC /* Tab.swift in Sources */ = {isa = PBXBuildFile; fileRef = 1125A9612BC8DD8F00D1D9BC /* Tab.swift */; };
		1125A9642BC8E34F00D1D9BC /* Category.swift in Sources */ = {isa = PBXBuildFile; fileRef = 1125A9632BC8E34F00D1D9BC /* Category.swift */; };
		1125A9662BC8E39100D1D9BC /* Transaction.swift in Sources */ = {isa = PBXBuildFile; fileRef = 1125A9652BC8E39100D1D9BC /* Transaction.swift */; };
		1125A9682BC8E45200D1D9BC /* TintColor.swift in Sources */ = {isa = PBXBuildFile; fileRef = 1125A9672BC8E45200D1D9BC /* TintColor.swift */; };
		1125A96B2BC8E57B00D1D9BC /* Recents.swift in Sources */ = {isa = PBXBuildFile; fileRef = 1125A96A2BC8E57B00D1D9BC /* Recents.swift */; };
		1125A96D2BC8E58500D1D9BC /* Search.swift in Sources */ = {isa = PBXBuildFile; fileRef = 1125A96C2BC8E58500D1D9BC /* Search.swift */; };
		1125A9712BC8E59200D1D9BC /* Settings.swift in Sources */ = {isa = PBXBuildFile; fileRef = 1125A9702BC8E59200D1D9BC /* Settings.swift */; };
		1125A9732BC8E5D400D1D9BC /* Graphs.swift in Sources */ = {isa = PBXBuildFile; fileRef = 1125A9722BC8E5D400D1D9BC /* Graphs.swift */; };
		1166A1D12BC8E7E60079AF07 /* View.Extension.swift in Sources */ = {isa = PBXBuildFile; fileRef = 1166A1D02BC8E7E60079AF07 /* View.Extension.swift */; };
		1166A1D32BC8FE010079AF07 /* Date.Extension.swift in Sources */ = {isa = PBXBuildFile; fileRef = 1166A1D22BC8FE010079AF07 /* Date.Extension.swift */; };
		1166A1D62BC9051B0079AF07 /* CardView.swift in Sources */ = {isa = PBXBuildFile; fileRef = 1166A1D52BC9051B0079AF07 /* CardView.swift */; };
		1166A1D82BC90F080079AF07 /* TransactionCardView.swift in Sources */ = {isa = PBXBuildFile; fileRef = 1166A1D72BC90F080079AF07 /* TransactionCardView.swift */; };
		1166A1DA2BC9159D0079AF07 /* DateFilterView.swift in Sources */ = {isa = PBXBuildFile; fileRef = 1166A1D92BC9159D0079AF07 /* DateFilterView.swift */; };
		1166A1FC2BC937CC0079AF07 /* SwipeAction.swift in Sources */ = {isa = PBXBuildFile; fileRef = 1166A1FB2BC937CC0079AF07 /* SwipeAction.swift */; };
		11AACE242BD0BC800070DE75 /* LockView.swift in Sources */ = {isa = PBXBuildFile; fileRef = 11AACE232BD0BC800070DE75 /* LockView.swift */; };
/* End PBXBuildFile section */

/* Begin PBXFileReference section */
		1107477E2BD0D08D000EF6D6 /* NewExpenseView.swift */ = {isa = PBXFileReference; lastKnownFileType = sourcecode.swift; path = NewExpenseView.swift; sourceTree = "<group>"; };
		1125A9442BC8D24D00D1D9BC /* Expense Tracker.app */ = {isa = PBXFileReference; explicitFileType = wrapper.application; includeInIndex = 0; path = "Expense Tracker.app"; sourceTree = BUILT_PRODUCTS_DIR; };
		1125A9472BC8D24D00D1D9BC /* Expense_TrackerApp.swift */ = {isa = PBXFileReference; lastKnownFileType = sourcecode.swift; path = Expense_TrackerApp.swift; sourceTree = "<group>"; };
		1125A9492BC8D24D00D1D9BC /* ContentView.swift */ = {isa = PBXFileReference; lastKnownFileType = sourcecode.swift; path = ContentView.swift; sourceTree = "<group>"; };
		1125A94B2BC8D24E00D1D9BC /* Assets.xcassets */ = {isa = PBXFileReference; lastKnownFileType = folder.assetcatalog; path = Assets.xcassets; sourceTree = "<group>"; };
		1125A94E2BC8D24E00D1D9BC /* Preview Assets.xcassets */ = {isa = PBXFileReference; lastKnownFileType = folder.assetcatalog; path = "Preview Assets.xcassets"; sourceTree = "<group>"; };
		1125A9572BC8D29C00D1D9BC /* IntroScreen.swift */ = {isa = PBXFileReference; lastKnownFileType = sourcecode.swift; path = IntroScreen.swift; sourceTree = "<group>"; };
		1125A95A2BC8D48200D1D9BC /* Contants.swift */ = {isa = PBXFileReference; lastKnownFileType = sourcecode.swift; path = Contants.swift; sourceTree = "<group>"; };
		1125A95E2BC8D69200D1D9BC /* en */ = {isa = PBXFileReference; lastKnownFileType = text.plist.strings; name = en; path = en.lproj/Localizable.strings; sourceTree = "<group>"; };
		1125A9602BC8D69900D1D9BC /* zh-Hans */ = {isa = PBXFileReference; lastKnownFileType = text.plist.strings; name = "zh-Hans"; path = "zh-Hans.lproj/Localizable.strings"; sourceTree = "<group>"; };
		1125A9612BC8DD8F00D1D9BC /* Tab.swift */ = {isa = PBXFileReference; lastKnownFileType = sourcecode.swift; path = Tab.swift; sourceTree = "<group>"; };
		1125A9632BC8E34F00D1D9BC /* Category.swift */ = {isa = PBXFileReference; lastKnownFileType = sourcecode.swift; path = Category.swift; sourceTree = "<group>"; };
		1125A9652BC8E39100D1D9BC /* Transaction.swift */ = {isa = PBXFileReference; lastKnownFileType = sourcecode.swift; path = Transaction.swift; sourceTree = "<group>"; };
		1125A9672BC8E45200D1D9BC /* TintColor.swift */ = {isa = PBXFileReference; lastKnownFileType = sourcecode.swift; path = TintColor.swift; sourceTree = "<group>"; };
		1125A96A2BC8E57B00D1D9BC /* Recents.swift */ = {isa = PBXFileReference; lastKnownFileType = sourcecode.swift; path = Recents.swift; sourceTree = "<group>"; };
		1125A96C2BC8E58500D1D9BC /* Search.swift */ = {isa = PBXFileReference; lastKnownFileType = sourcecode.swift; path = Search.swift; sourceTree = "<group>"; };
		1125A9702BC8E59200D1D9BC /* Settings.swift */ = {isa = PBXFileReference; lastKnownFileType = sourcecode.swift; path = Settings.swift; sourceTree = "<group>"; };
		1125A9722BC8E5D400D1D9BC /* Graphs.swift */ = {isa = PBXFileReference; lastKnownFileType = sourcecode.swift; path = Graphs.swift; sourceTree = "<group>"; };
		1166A1D02BC8E7E60079AF07 /* View.Extension.swift */ = {isa = PBXFileReference; lastKnownFileType = sourcecode.swift; path = View.Extension.swift; sourceTree = "<group>"; };
		1166A1D22BC8FE010079AF07 /* Date.Extension.swift */ = {isa = PBXFileReference; lastKnownFileType = sourcecode.swift; path = Date.Extension.swift; sourceTree = "<group>"; };
		1166A1D52BC9051B0079AF07 /* CardView.swift */ = {isa = PBXFileReference; lastKnownFileType = sourcecode.swift; path = CardView.swift; sourceTree = "<group>"; };
		1166A1D72BC90F080079AF07 /* TransactionCardView.swift */ = {isa = PBXFileReference; lastKnownFileType = sourcecode.swift; path = TransactionCardView.swift; sourceTree = "<group>"; };
		1166A1D92BC9159D0079AF07 /* DateFilterView.swift */ = {isa = PBXFileReference; lastKnownFileType = sourcecode.swift; path = DateFilterView.swift; sourceTree = "<group>"; };
		1166A1FB2BC937CC0079AF07 /* SwipeAction.swift */ = {isa = PBXFileReference; fileEncoding = 4; lastKnownFileType = sourcecode.swift; name = SwipeAction.swift; path = ../../../CustomSwipeAction/CustomSwipeAction/Helpers/SwipeAction.swift; sourceTree = "<group>"; };
		11AACE232BD0BC800070DE75 /* LockView.swift */ = {isa = PBXFileReference; fileEncoding = 4; lastKnownFileType = sourcecode.swift; name = LockView.swift; path = ../../../../LockSwiftUI/LockSwiftUI/View/LockView.swift; sourceTree = "<group>"; };
/* End PBXFileReference section */

/* Begin PBXFrameworksBuildPhase section */
		1125A9412BC8D24D00D1D9BC /* Frameworks */ = {
			isa = PBXFrameworksBuildPhase;
			buildActionMask = 2147483647;
			files = (
			);
			runOnlyForDeploymentPostprocessing = 0;
		};
/* End PBXFrameworksBuildPhase section */

/* Begin PBXGroup section */
		1125A93B2BC8D24D00D1D9BC = {
			isa = PBXGroup;
			children = (
				1125A9462BC8D24D00D1D9BC /* Expense Tracker */,
				1125A9452BC8D24D00D1D9BC /* Products */,
			);
			sourceTree = "<group>";
		};
		1125A9452BC8D24D00D1D9BC /* Products */ = {
			isa = PBXGroup;
			children = (
				1125A9442BC8D24D00D1D9BC /* Expense Tracker.app */,
			);
			name = Products;
			sourceTree = "<group>";
		};
		1125A9462BC8D24D00D1D9BC /* Expense Tracker */ = {
			isa = PBXGroup;
			children = (
				1125A9592BC8D46F00D1D9BC /* Helpers */,
				1125A9562BC8D28700D1D9BC /* Model */,
				1125A9552BC8D28200D1D9BC /* View */,
				1125A9472BC8D24D00D1D9BC /* Expense_TrackerApp.swift */,
				1125A9492BC8D24D00D1D9BC /* ContentView.swift */,
				1125A95C2BC8D66F00D1D9BC /* Resouces */,
				1125A94D2BC8D24E00D1D9BC /* Preview Content */,
			);
			path = "Expense Tracker";
			sourceTree = "<group>";
		};
		1125A94D2BC8D24E00D1D9BC /* Preview Content */ = {
			isa = PBXGroup;
			children = (
				1125A94E2BC8D24E00D1D9BC /* Preview Assets.xcassets */,
			);
			path = "Preview Content";
			sourceTree = "<group>";
		};
		1125A9552BC8D28200D1D9BC /* View */ = {
			isa = PBXGroup;
			children = (
				1166A1D42BC905100079AF07 /* Helpers */,
				1125A9692BC8E56900D1D9BC /* TabViews */,
				1125A9572BC8D29C00D1D9BC /* IntroScreen.swift */,
				1107477E2BD0D08D000EF6D6 /* NewExpenseView.swift */,
			);
			path = View;
			sourceTree = "<group>";
		};
		1125A9562BC8D28700D1D9BC /* Model */ = {
			isa = PBXGroup;
			children = (
				1125A9612BC8DD8F00D1D9BC /* Tab.swift */,
				1125A9632BC8E34F00D1D9BC /* Category.swift */,
				1125A9652BC8E39100D1D9BC /* Transaction.swift */,
				1125A9672BC8E45200D1D9BC /* TintColor.swift */,
			);
			path = Model;
			sourceTree = "<group>";
		};
		1125A9592BC8D46F00D1D9BC /* Helpers */ = {
			isa = PBXGroup;
			children = (
				1125A95A2BC8D48200D1D9BC /* Contants.swift */,
				1166A1D02BC8E7E60079AF07 /* View.Extension.swift */,
				1166A1D22BC8FE010079AF07 /* Date.Extension.swift */,
				1166A1FB2BC937CC0079AF07 /* SwipeAction.swift */,
			);
			path = Helpers;
			sourceTree = "<group>";
		};
		1125A95C2BC8D66F00D1D9BC /* Resouces */ = {
			isa = PBXGroup;
			children = (
				1125A94B2BC8D24E00D1D9BC /* Assets.xcassets */,
				1125A95D2BC8D69200D1D9BC /* Localizable.strings */,
			);
			path = Resouces;
			sourceTree = "<group>";
		};
		1125A9692BC8E56900D1D9BC /* TabViews */ = {
			isa = PBXGroup;
			children = (
				1125A96A2BC8E57B00D1D9BC /* Recents.swift */,
				1125A96C2BC8E58500D1D9BC /* Search.swift */,
				1125A9722BC8E5D400D1D9BC /* Graphs.swift */,
				1125A9702BC8E59200D1D9BC /* Settings.swift */,
			);
			path = TabViews;
			sourceTree = "<group>";
		};
		1166A1D42BC905100079AF07 /* Helpers */ = {
			isa = PBXGroup;
			children = (
				11AACE232BD0BC800070DE75 /* LockView.swift */,
				1166A1D52BC9051B0079AF07 /* CardView.swift */,
				1166A1D72BC90F080079AF07 /* TransactionCardView.swift */,
				1166A1D92BC9159D0079AF07 /* DateFilterView.swift */,
			);
			path = Helpers;
			sourceTree = "<group>";
		};
/* End PBXGroup section */

/* Begin PBXNativeTarget section */
		1125A9432BC8D24D00D1D9BC /* Expense Tracker */ = {
			isa = PBXNativeTarget;
			buildConfigurationList = 1125A9522BC8D24E00D1D9BC /* Build configuration list for PBXNativeTarget "Expense Tracker" */;
			buildPhases = (
				1125A9402BC8D24D00D1D9BC /* Sources */,
				1125A9412BC8D24D00D1D9BC /* Frameworks */,
				1125A9422BC8D24D00D1D9BC /* Resources */,
			);
			buildRules = (
			);
			dependencies = (
			);
			name = "Expense Tracker";
			productName = "Expense Tracker";
			productReference = 1125A9442BC8D24D00D1D9BC /* Expense Tracker.app */;
			productType = "com.apple.product-type.application";
		};
/* End PBXNativeTarget section */

/* Begin PBXProject section */
		1125A93C2BC8D24D00D1D9BC /* Project object */ = {
			isa = PBXProject;
			attributes = {
				BuildIndependentTargetsInParallel = 1;
				LastSwiftUpdateCheck = 1530;
				LastUpgradeCheck = 1530;
				TargetAttributes = {
					1125A9432BC8D24D00D1D9BC = {
						CreatedOnToolsVersion = 15.3;
					};
				};
			};
			buildConfigurationList = 1125A93F2BC8D24D00D1D9BC /* Build configuration list for PBXProject "Expense Tracker" */;
			compatibilityVersion = "Xcode 14.0";
			developmentRegion = en;
			hasScannedForEncodings = 0;
			knownRegions = (
				en,
				Base,
				"zh-Hans",
			);
			mainGroup = 1125A93B2BC8D24D00D1D9BC;
			productRefGroup = 1125A9452BC8D24D00D1D9BC /* Products */;
			projectDirPath = "";
			projectRoot = "";
			targets = (
				1125A9432BC8D24D00D1D9BC /* Expense Tracker */,
			);
		};
/* End PBXProject section */

/* Begin PBXResourcesBuildPhase section */
		1125A9422BC8D24D00D1D9BC /* Resources */ = {
			isa = PBXResourcesBuildPhase;
			buildActionMask = 2147483647;
			files = (
				1125A94F2BC8D24E00D1D9BC /* Preview Assets.xcassets in Resources */,
				1125A95F2BC8D69200D1D9BC /* Localizable.strings in Resources */,
				1125A94C2BC8D24E00D1D9BC /* Assets.xcassets in Resources */,
			);
			runOnlyForDeploymentPostprocessing = 0;
		};
/* End PBXResourcesBuildPhase section */

/* Begin PBXSourcesBuildPhase section */
		1125A9402BC8D24D00D1D9BC /* Sources */ = {
			isa = PBXSourcesBuildPhase;
			buildActionMask = 2147483647;
			files = (
				1125A9732BC8E5D400D1D9BC /* Graphs.swift in Sources */,
				1125A9682BC8E45200D1D9BC /* TintColor.swift in Sources */,
				1125A96B2BC8E57B00D1D9BC /* Recents.swift in Sources */,
				1125A94A2BC8D24D00D1D9BC /* ContentView.swift in Sources */,
				1166A1D62BC9051B0079AF07 /* CardView.swift in Sources */,
				1166A1DA2BC9159D0079AF07 /* DateFilterView.swift in Sources */,
				1125A9582BC8D29C00D1D9BC /* IntroScreen.swift in Sources */,
				1125A9622BC8DD8F00D1D9BC /* Tab.swift in Sources */,
				1107477F2BD0D08D000EF6D6 /* NewExpenseView.swift in Sources */,
				1166A1D32BC8FE010079AF07 /* Date.Extension.swift in Sources */,
				1125A9712BC8E59200D1D9BC /* Settings.swift in Sources */,
				1125A9482BC8D24D00D1D9BC /* Expense_TrackerApp.swift in Sources */,
				1125A9662BC8E39100D1D9BC /* Transaction.swift in Sources */,
				1166A1D12BC8E7E60079AF07 /* View.Extension.swift in Sources */,
				1125A96D2BC8E58500D1D9BC /* Search.swift in Sources */,
				11AACE242BD0BC800070DE75 /* LockView.swift in Sources */,
				1166A1FC2BC937CC0079AF07 /* SwipeAction.swift in Sources */,
				1125A95B2BC8D48200D1D9BC /* Contants.swift in Sources */,
				1125A9642BC8E34F00D1D9BC /* Category.swift in Sources */,
				1166A1D82BC90F080079AF07 /* TransactionCardView.swift in Sources */,
			);
			runOnlyForDeploymentPostprocessing = 0;
		};
/* End PBXSourcesBuildPhase section */

/* Begin PBXVariantGroup section */
		1125A95D2BC8D69200D1D9BC /* Localizable.strings */ = {
			isa = PBXVariantGroup;
			children = (
				1125A95E2BC8D69200D1D9BC /* en */,
				1125A9602BC8D69900D1D9BC /* zh-Hans */,
			);
			name = Localizable.strings;
			sourceTree = "<group>";
		};
/* End PBXVariantGroup section */

/* Begin XCBuildConfiguration section */
		1125A9502BC8D24E00D1D9BC /* Debug */ = {
			isa = XCBuildConfiguration;
			buildSettings = {
				ALWAYS_SEARCH_USER_PATHS = NO;
				ASSETCATALOG_COMPILER_GENERATE_SWIFT_ASSET_SYMBOL_EXTENSIONS = YES;
				CLANG_ANALYZER_NONNULL = YES;
				CLANG_ANALYZER_NUMBER_OBJECT_CONVERSION = YES_AGGRESSIVE;
				CLANG_CXX_LANGUAGE_STANDARD = "gnu++20";
				CLANG_ENABLE_MODULES = YES;
				CLANG_ENABLE_OBJC_ARC = YES;
				CLANG_ENABLE_OBJC_WEAK = YES;
				CLANG_WARN_BLOCK_CAPTURE_AUTORELEASING = YES;
				CLANG_WARN_BOOL_CONVERSION = YES;
				CLANG_WARN_COMMA = YES;
				CLANG_WARN_CONSTANT_CONVERSION = YES;
				CLANG_WARN_DEPRECATED_OBJC_IMPLEMENTATIONS = YES;
				CLANG_WARN_DIRECT_OBJC_ISA_USAGE = YES_ERROR;
				CLANG_WARN_DOCUMENTATION_COMMENTS = YES;
				CLANG_WARN_EMPTY_BODY = YES;
				CLANG_WARN_ENUM_CONVERSION = YES;
				CLANG_WARN_INFINITE_RECURSION = YES;
				CLANG_WARN_INT_CONVERSION = YES;
				CLANG_WARN_NON_LITERAL_NULL_CONVERSION = YES;
				CLANG_WARN_OBJC_IMPLICIT_RETAIN_SELF = YES;
				CLANG_WARN_OBJC_LITERAL_CONVERSION = YES;
				CLANG_WARN_OBJC_ROOT_CLASS = YES_ERROR;
				CLANG_WARN_QUOTED_INCLUDE_IN_FRAMEWORK_HEADER = YES;
				CLANG_WARN_RANGE_LOOP_ANALYSIS = YES;
				CLANG_WARN_STRICT_PROTOTYPES = YES;
				CLANG_WARN_SUSPICIOUS_MOVE = YES;
				CLANG_WARN_UNGUARDED_AVAILABILITY = YES_AGGRESSIVE;
				CLANG_WARN_UNREACHABLE_CODE = YES;
				CLANG_WARN__DUPLICATE_METHOD_MATCH = YES;
				COPY_PHASE_STRIP = NO;
				DEBUG_INFORMATION_FORMAT = dwarf;
				ENABLE_STRICT_OBJC_MSGSEND = YES;
				ENABLE_TESTABILITY = YES;
				ENABLE_USER_SCRIPT_SANDBOXING = YES;
				GCC_C_LANGUAGE_STANDARD = gnu17;
				GCC_DYNAMIC_NO_PIC = NO;
				GCC_NO_COMMON_BLOCKS = YES;
				GCC_OPTIMIZATION_LEVEL = 0;
				GCC_PREPROCESSOR_DEFINITIONS = (
					"DEBUG=1",
					"$(inherited)",
				);
				GCC_WARN_64_TO_32_BIT_CONVERSION = YES;
				GCC_WARN_ABOUT_RETURN_TYPE = YES_ERROR;
				GCC_WARN_UNDECLARED_SELECTOR = YES;
				GCC_WARN_UNINITIALIZED_AUTOS = YES_AGGRESSIVE;
				GCC_WARN_UNUSED_FUNCTION = YES;
				GCC_WARN_UNUSED_VARIABLE = YES;
				IPHONEOS_DEPLOYMENT_TARGET = 17.4;
				LOCALIZATION_PREFERS_STRING_CATALOGS = YES;
				MTL_ENABLE_DEBUG_INFO = INCLUDE_SOURCE;
				MTL_FAST_MATH = YES;
				ONLY_ACTIVE_ARCH = YES;
				SDKROOT = iphoneos;
				SWIFT_ACTIVE_COMPILATION_CONDITIONS = "DEBUG $(inherited)";
				SWIFT_OPTIMIZATION_LEVEL = "-Onone";
			};
			name = Debug;
		};
		1125A9512BC8D24E00D1D9BC /* Release */ = {
			isa = XCBuildConfiguration;
			buildSettings = {
				ALWAYS_SEARCH_USER_PATHS = NO;
				ASSETCATALOG_COMPILER_GENERATE_SWIFT_ASSET_SYMBOL_EXTENSIONS = YES;
				CLANG_ANALYZER_NONNULL = YES;
				CLANG_ANALYZER_NUMBER_OBJECT_CONVERSION = YES_AGGRESSIVE;
				CLANG_CXX_LANGUAGE_STANDARD = "gnu++20";
				CLANG_ENABLE_MODULES = YES;
				CLANG_ENABLE_OBJC_ARC = YES;
				CLANG_ENABLE_OBJC_WEAK = YES;
				CLANG_WARN_BLOCK_CAPTURE_AUTORELEASING = YES;
				CLANG_WARN_BOOL_CONVERSION = YES;
				CLANG_WARN_COMMA = YES;
				CLANG_WARN_CONSTANT_CONVERSION = YES;
				CLANG_WARN_DEPRECATED_OBJC_IMPLEMENTATIONS = YES;
				CLANG_WARN_DIRECT_OBJC_ISA_USAGE = YES_ERROR;
				CLANG_WARN_DOCUMENTATION_COMMENTS = YES;
				CLANG_WARN_EMPTY_BODY = YES;
				CLANG_WARN_ENUM_CONVERSION = YES;
				CLANG_WARN_INFINITE_RECURSION = YES;
				CLANG_WARN_INT_CONVERSION = YES;
				CLANG_WARN_NON_LITERAL_NULL_CONVERSION = YES;
				CLANG_WARN_OBJC_IMPLICIT_RETAIN_SELF = YES;
				CLANG_WARN_OBJC_LITERAL_CONVERSION = YES;
				CLANG_WARN_OBJC_ROOT_CLASS = YES_ERROR;
				CLANG_WARN_QUOTED_INCLUDE_IN_FRAMEWORK_HEADER = YES;
				CLANG_WARN_RANGE_LOOP_ANALYSIS = YES;
				CLANG_WARN_STRICT_PROTOTYPES = YES;
				CLANG_WARN_SUSPICIOUS_MOVE = YES;
				CLANG_WARN_UNGUARDED_AVAILABILITY = YES_AGGRESSIVE;
				CLANG_WARN_UNREACHABLE_CODE = YES;
				CLANG_WARN__DUPLICATE_METHOD_MATCH = YES;
				COPY_PHASE_STRIP = NO;
				DEBUG_INFORMATION_FORMAT = "dwarf-with-dsym";
				ENABLE_NS_ASSERTIONS = NO;
				ENABLE_STRICT_OBJC_MSGSEND = YES;
				ENABLE_USER_SCRIPT_SANDBOXING = YES;
				GCC_C_LANGUAGE_STANDARD = gnu17;
				GCC_NO_COMMON_BLOCKS = YES;
				GCC_WARN_64_TO_32_BIT_CONVERSION = YES;
				GCC_WARN_ABOUT_RETURN_TYPE = YES_ERROR;
				GCC_WARN_UNDECLARED_SELECTOR = YES;
				GCC_WARN_UNINITIALIZED_AUTOS = YES_AGGRESSIVE;
				GCC_WARN_UNUSED_FUNCTION = YES;
				GCC_WARN_UNUSED_VARIABLE = YES;
				IPHONEOS_DEPLOYMENT_TARGET = 17.4;
				LOCALIZATION_PREFERS_STRING_CATALOGS = YES;
				MTL_ENABLE_DEBUG_INFO = NO;
				MTL_FAST_MATH = YES;
				SDKROOT = iphoneos;
				SWIFT_COMPILATION_MODE = wholemodule;
				VALIDATE_PRODUCT = YES;
			};
			name = Release;
		};
		1125A9532BC8D24E00D1D9BC /* Debug */ = {
			isa = XCBuildConfiguration;
			buildSettings = {
				ASSETCATALOG_COMPILER_APPICON_NAME = AppIcon;
				ASSETCATALOG_COMPILER_GLOBAL_ACCENT_COLOR_NAME = AccentColor;
				CODE_SIGN_STYLE = Automatic;
				CURRENT_PROJECT_VERSION = 1;
				DEVELOPMENT_ASSET_PATHS = "\"Expense Tracker/Preview Content\"";
				DEVELOPMENT_TEAM = 33XFRZV3M7;
				ENABLE_PREVIEWS = YES;
				GENERATE_INFOPLIST_FILE = YES;
				INFOPLIST_KEY_UIApplicationSceneManifest_Generation = YES;
				INFOPLIST_KEY_UIApplicationSupportsIndirectInputEvents = YES;
				INFOPLIST_KEY_UILaunchScreen_Generation = YES;
				INFOPLIST_KEY_UISupportedInterfaceOrientations_iPad = "UIInterfaceOrientationPortrait UIInterfaceOrientationPortraitUpsideDown UIInterfaceOrientationLandscapeLeft UIInterfaceOrientationLandscapeRight";
				INFOPLIST_KEY_UISupportedInterfaceOrientations_iPhone = "UIInterfaceOrientationPortrait UIInterfaceOrientationLandscapeLeft UIInterfaceOrientationLandscapeRight";
				LD_RUNPATH_SEARCH_PATHS = (
					"$(inherited)",
					"@executable_path/Frameworks",
				);
				MARKETING_VERSION = 1.0;
				PRODUCT_BUNDLE_IDENTIFIER = "example.Expense-Tracker";
				PRODUCT_NAME = "$(TARGET_NAME)";
				SWIFT_EMIT_LOC_STRINGS = YES;
				SWIFT_VERSION = 5.0;
				TARGETED_DEVICE_FAMILY = "1,2";
			};
			name = Debug;
		};
		1125A9542BC8D24E00D1D9BC /* Release */ = {
			isa = XCBuildConfiguration;
			buildSettings = {
				ASSETCATALOG_COMPILER_APPICON_NAME = AppIcon;
				ASSETCATALOG_COMPILER_GLOBAL_ACCENT_COLOR_NAME = AccentColor;
				CODE_SIGN_STYLE = Automatic;
				CURRENT_PROJECT_VERSION = 1;
				DEVELOPMENT_ASSET_PATHS = "\"Expense Tracker/Preview Content\"";
				DEVELOPMENT_TEAM = 33XFRZV3M7;
				ENABLE_PREVIEWS = YES;
				GENERATE_INFOPLIST_FILE = YES;
				INFOPLIST_KEY_UIApplicationSceneManifest_Generation = YES;
				INFOPLIST_KEY_UIApplicationSupportsIndirectInputEvents = YES;
				INFOPLIST_KEY_UILaunchScreen_Generation = YES;
				INFOPLIST_KEY_UISupportedInterfaceOrientations_iPad = "UIInterfaceOrientationPortrait UIInterfaceOrientationPortraitUpsideDown UIInterfaceOrientationLandscapeLeft UIInterfaceOrientationLandscapeRight";
				INFOPLIST_KEY_UISupportedInterfaceOrientations_iPhone = "UIInterfaceOrientationPortrait UIInterfaceOrientationLandscapeLeft UIInterfaceOrientationLandscapeRight";
				LD_RUNPATH_SEARCH_PATHS = (
					"$(inherited)",
					"@executable_path/Frameworks",
				);
				MARKETING_VERSION = 1.0;
				PRODUCT_BUNDLE_IDENTIFIER = "example.Expense-Tracker";
				PRODUCT_NAME = "$(TARGET_NAME)";
				SWIFT_EMIT_LOC_STRINGS = YES;
				SWIFT_VERSION = 5.0;
				TARGETED_DEVICE_FAMILY = "1,2";
			};
			name = Release;
		};
/* End XCBuildConfiguration section */

/* Begin XCConfigurationList section */
		1125A93F2BC8D24D00D1D9BC /* Build configuration list for PBXProject "Expense Tracker" */ = {
			isa = XCConfigurationList;
			buildConfigurations = (
				1125A9502BC8D24E00D1D9BC /* Debug */,
				1125A9512BC8D24E00D1D9BC /* Release */,
			);
			defaultConfigurationIsVisible = 0;
			defaultConfigurationName = Release;
		};
		1125A9522BC8D24E00D1D9BC /* Build configuration list for PBXNativeTarget "Expense Tracker" */ = {
			isa = XCConfigurationList;
			buildConfigurations = (
				1125A9532BC8D24E00D1D9BC /* Debug */,
				1125A9542BC8D24E00D1D9BC /* Release */,
			);
			defaultConfigurationIsVisible = 0;
			defaultConfigurationName = Release;
		};
/* End XCConfigurationList section */
	};
	rootObject = 1125A93C2BC8D24D00D1D9BC /* Project object */;
}
